
Microsoft Visual Studio Solution File, Format Version 12.00
# Visual Studio 2012
Project("{FAE04EC0-301F-11D3-BF4B-00C04F79EFBC}") = "ProyectoDesImpSisInf", "ProyectoDesImpSisInf\ProyectoDesImpSisInf.csproj", "{F2FA122C-5079-43F2-91CC-94126BE3DAD6}"
EndProject
Project("{FAE04EC0-301F-11D3-BF4B-00C04F79EFBC}") = "P_CapaDatos", "P_CapaDatos\P_CapaDatos.csproj", "{11398957-5932-4F5B-ACE3-4464F921B454}"
EndProject
Project("{FAE04EC0-301F-11D3-BF4B-00C04F79EFBC}") = "Prod_CapaEntidad", "Prod_CapaEntidad\Prod_CapaEntidad.csproj", "{50488DD8-5496-43E7-ADFC-2750118389A6}"
EndProject
Project("{FAE04EC0-301F-11D3-BF4B-00C04F79EFBC}") = "Prod_CapaNegocio", "Prod_CapaNegocio\Prod_CapaNegocio.csproj", "{9F2B87D6-BF84-4AAA-839E-1B5F658C30B2}"
EndProject
Global
	GlobalSection(SolutionConfigurationPlatforms) = preSolution
		Debug|Any CPU = Debug|Any CPU
		Release|Any CPU = Release|Any CPU
	EndGlobalSection
	GlobalSection(ProjectConfigurationPlatforms) = postSolution
		{F2FA122C-5079-43F2-91CC-94126BE3DAD6}.Debug|Any CPU.ActiveCfg = Debug|Any CPU
		{F2FA122C-5079-43F2-91CC-94126BE3DAD6}.Debug|Any CPU.Build.0 = Debug|Any CPU
		{F2FA122C-5079-43F2-91CC-94126BE3DAD6}.Release|Any CPU.ActiveCfg = Release|Any CPU
		{F2FA122C-5079-43F2-91CC-94126BE3DAD6}.Release|Any CPU.Build.0 = Release|Any CPU
		{11398957-5932-4F5B-ACE3-4464F921B454}.Debug|Any CPU.ActiveCfg = Debug|Any CPU
		{11398957-5932-4F5B-ACE3-4464F921B454}.Debug|Any CPU.Build.0 = Debug|Any CPU
		{11398957-5932-4F5B-ACE3-4464F921B454}.Release|Any CPU.ActiveCfg = Release|Any CPU
		{11398957-5932-4F5B-ACE3-4464F921B454}.Release|Any CPU.Build.0 = Release|Any CPU
		{50488DD8-5496-43E7-ADFC-2750118389A6}.Debug|Any CPU.ActiveCfg = Debug|Any CPU
		{50488DD8-5496-43E7-ADFC-2750118389A6}.Debug|Any CPU.Build.0 = Debug|Any CPU
		{50488DD8-5496-43E7-ADFC-2750118389A6}.Release|Any CPU.ActiveCfg = Release|Any CPU
		{50488DD8-5496-43E7-ADFC-2750118389A6}.Release|Any CPU.Build.0 = Release|Any CPU
		{9F2B87D6-BF84-4AAA-839E-1B5F658C30B2}.Debug|Any CPU.ActiveCfg = Debug|Any CPU
		{9F2B87D6-BF84-4AAA-839E-1B5F658C30B2}.Debug|Any CPU.Build.0 = Debug|Any CPU
		{9F2B87D6-BF84-4AAA-839E-1B5F658C30B2}.Release|Any CPU.ActiveCfg = Release|Any CPU
		{9F2B87D6-BF84-4AAA-839E-1B5F658C30B2}.Release|Any CPU.Build.0 = Release|Any CPU
	EndGlobalSection
	GlobalSection(SolutionProperties) = preSolution
		HideSolutionNode = FALSE
	EndGlobalSection
	GlobalSection(ExtensibilityGlobals) = postSolution
		SolutionGuid = {9B6122B1-1540-4D49-BA52-1682685A9CC1}
	EndGlobalSection
EndGlobal
